
Microsoft Visual Studio Solution File, Format Version 12.00
# Visual Studio Version 17
VisualStudioVersion = 17.0.31903.59
MinimumVisualStudioVersion = 10.0.40219.1
Project("{2150E333-8FDC-42A3-9474-1A3956D46DE8}") = "src", "src", "{827E0CD3-B72D-47B6-A68D-7590B98EB39B}"
EndProject
Project("{FAE04EC0-301F-11D3-BF4B-00C04F79EFBC}") = "Nookly.Desktop", "src\Nookly.Desktop\Nookly.Desktop.csproj", "{209B1414-7EB2-4849-8538-13C88A7DEBD2}"
EndProject
Project("{FAE04EC0-301F-11D3-BF4B-00C04F79EFBC}") = "Nookly.Api", "src\Nookly.Api\Nookly.Api.csproj", "{DF64D480-F48B-4F88-BB51-56F45E36D713}"
EndProject
Project("{FAE04EC0-301F-11D3-BF4B-00C04F79EFBC}") = "Nookly.Application", "src\Nookly.Application\Nookly.Application.csproj", "{C4E0868E-1719-43B8-A67E-71463D998196}"
EndProject
Project("{FAE04EC0-301F-11D3-BF4B-00C04F79EFBC}") = "Nookly.Domain", "src\Nookly.Domain\Nookly.Domain.csproj", "{7D03AC82-DE03-4991-B790-2A26159261DC}"
EndProject
Project("{FAE04EC0-301F-11D3-BF4B-00C04F79EFBC}") = "Nookly.Infrastructure", "src\Nookly.Infrastructure\Nookly.Infrastructure.csproj", "{3AF1BF73-6CC2-4C96-B447-3D0CCEBA4AF5}"
EndProject
Project("{2150E333-8FDC-42A3-9474-1A3956D46DE8}") = "tests", "tests", "{0AB3BF05-4346-4AA6-1389-037BE0695223}"
EndProject
Project("{FAE04EC0-301F-11D3-BF4B-00C04F79EFBC}") = "Nookly.Domain.Tests", "tests\Nookly.Domain.Tests\Nookly.Domain.Tests.csproj", "{856FC155-0FD3-4ED3-ABB2-1B4405CFABD8}"
EndProject
Global
	GlobalSection(SolutionConfigurationPlatforms) = preSolution
		Debug|Any CPU = Debug|Any CPU
		Debug|x64 = Debug|x64
		Debug|x86 = Debug|x86
		Release|Any CPU = Release|Any CPU
		Release|x64 = Release|x64
		Release|x86 = Release|x86
	EndGlobalSection
	GlobalSection(ProjectConfigurationPlatforms) = postSolution
		{209B1414-7EB2-4849-8538-13C88A7DEBD2}.Debug|Any CPU.ActiveCfg = Debug|Any CPU
		{209B1414-7EB2-4849-8538-13C88A7DEBD2}.Debug|Any CPU.Build.0 = Debug|Any CPU
		{209B1414-7EB2-4849-8538-13C88A7DEBD2}.Debug|x64.ActiveCfg = Debug|Any CPU
		{209B1414-7EB2-4849-8538-13C88A7DEBD2}.Debug|x64.Build.0 = Debug|Any CPU
		{209B1414-7EB2-4849-8538-13C88A7DEBD2}.Debug|x86.ActiveCfg = Debug|Any CPU
		{209B1414-7EB2-4849-8538-13C88A7DEBD2}.Debug|x86.Build.0 = Debug|Any CPU
		{209B1414-7EB2-4849-8538-13C88A7DEBD2}.Release|Any CPU.ActiveCfg = Release|Any CPU
		{209B1414-7EB2-4849-8538-13C88A7DEBD2}.Release|Any CPU.Build.0 = Release|Any CPU
		{209B1414-7EB2-4849-8538-13C88A7DEBD2}.Release|x64.ActiveCfg = Release|Any CPU
		{209B1414-7EB2-4849-8538-13C88A7DEBD2}.Release|x64.Build.0 = Release|Any CPU
		{209B1414-7EB2-4849-8538-13C88A7DEBD2}.Release|x86.ActiveCfg = Release|Any CPU
		{209B1414-7EB2-4849-8538-13C88A7DEBD2}.Release|x86.Build.0 = Release|Any CPU
		{DF64D480-F48B-4F88-BB51-56F45E36D713}.Debug|Any CPU.ActiveCfg = Debug|Any CPU
		{DF64D480-F48B-4F88-BB51-56F45E36D713}.Debug|Any CPU.Build.0 = Debug|Any CPU
		{DF64D480-F48B-4F88-BB51-56F45E36D713}.Debug|x64.ActiveCfg = Debug|Any CPU
		{DF64D480-F48B-4F88-BB51-56F45E36D713}.Debug|x64.Build.0 = Debug|Any CPU
		{DF64D480-F48B-4F88-BB51-56F45E36D713}.Debug|x86.ActiveCfg = Debug|Any CPU
		{DF64D480-F48B-4F88-BB51-56F45E36D713}.Debug|x86.Build.0 = Debug|Any CPU
		{DF64D480-F48B-4F88-BB51-56F45E36D713}.Release|Any CPU.ActiveCfg = Release|Any CPU
		{DF64D480-F48B-4F88-BB51-56F45E36D713}.Release|Any CPU.Build.0 = Release|Any CPU
		{DF64D480-F48B-4F88-BB51-56F45E36D713}.Release|x64.ActiveCfg = Release|Any CPU
		{DF64D480-F48B-4F88-BB51-56F45E36D713}.Release|x64.Build.0 = Release|Any CPU
		{DF64D480-F48B-4F88-BB51-56F45E36D713}.Release|x86.ActiveCfg = Release|Any CPU
		{DF64D480-F48B-4F88-BB51-56F45E36D713}.Release|x86.Build.0 = Release|Any CPU
		{C4E0868E-1719-43B8-A67E-71463D998196}.Debug|Any CPU.ActiveCfg = Debug|Any CPU
		{C4E0868E-1719-43B8-A67E-71463D998196}.Debug|Any CPU.Build.0 = Debug|Any CPU
		{C4E0868E-1719-43B8-A67E-71463D998196}.Debug|x64.ActiveCfg = Debug|Any CPU
		{C4E0868E-1719-43B8-A67E-71463D998196}.Debug|x64.Build.0 = Debug|Any CPU
		{C4E0868E-1719-43B8-A67E-71463D998196}.Debug|x86.ActiveCfg = Debug|Any CPU
		{C4E0868E-1719-43B8-A67E-71463D998196}.Debug|x86.Build.0 = Debug|Any CPU
		{C4E0868E-1719-43B8-A67E-71463D998196}.Release|Any CPU.ActiveCfg = Release|Any CPU
		{C4E0868E-1719-43B8-A67E-71463D998196}.Release|Any CPU.Build.0 = Release|Any CPU
		{C4E0868E-1719-43B8-A67E-71463D998196}.Release|x64.ActiveCfg = Release|Any CPU
		{C4E0868E-1719-43B8-A67E-71463D998196}.Release|x64.Build.0 = Release|Any CPU
		{C4E0868E-1719-43B8-A67E-71463D998196}.Release|x86.ActiveCfg = Release|Any CPU
		{C4E0868E-1719-43B8-A67E-71463D998196}.Release|x86.Build.0 = Release|Any CPU
		{7D03AC82-DE03-4991-B790-2A26159261DC}.Debug|Any CPU.ActiveCfg = Debug|Any CPU
		{7D03AC82-DE03-4991-B790-2A26159261DC}.Debug|Any CPU.Build.0 = Debug|Any CPU
		{7D03AC82-DE03-4991-B790-2A26159261DC}.Debug|x64.ActiveCfg = Debug|Any CPU
		{7D03AC82-DE03-4991-B790-2A26159261DC}.Debug|x64.Build.0 = Debug|Any CPU
		{7D03AC82-DE03-4991-B790-2A26159261DC}.Debug|x86.ActiveCfg = Debug|Any CPU
		{7D03AC82-DE03-4991-B790-2A26159261DC}.Debug|x86.Build.0 = Debug|Any CPU
		{7D03AC82-DE03-4991-B790-2A26159261DC}.Release|Any CPU.ActiveCfg = Release|Any CPU
		{7D03AC82-DE03-4991-B790-2A26159261DC}.Release|Any CPU.Build.0 = Release|Any CPU
		{7D03AC82-DE03-4991-B790-2A26159261DC}.Release|x64.ActiveCfg = Release|Any CPU
		{7D03AC82-DE03-4991-B790-2A26159261DC}.Release|x64.Build.0 = Release|Any CPU
		{7D03AC82-DE03-4991-B790-2A26159261DC}.Release|x86.ActiveCfg = Release|Any CPU
		{7D03AC82-DE03-4991-B790-2A26159261DC}.Release|x86.Build.0 = Release|Any CPU
		{3AF1BF73-6CC2-4C96-B447-3D0CCEBA4AF5}.Debug|Any CPU.ActiveCfg = Debug|Any CPU
		{3AF1BF73-6CC2-4C96-B447-3D0CCEBA4AF5}.Debug|Any CPU.Build.0 = Debug|Any CPU
		{3AF1BF73-6CC2-4C96-B447-3D0CCEBA4AF5}.Debug|x64.ActiveCfg = Debug|Any CPU
		{3AF1BF73-6CC2-4C96-B447-3D0CCEBA4AF5}.Debug|x64.Build.0 = Debug|Any CPU
		{3AF1BF73-6CC2-4C96-B447-3D0CCEBA4AF5}.Debug|x86.ActiveCfg = Debug|Any CPU
		{3AF1BF73-6CC2-4C96-B447-3D0CCEBA4AF5}.Debug|x86.Build.0 = Debug|Any CPU
		{3AF1BF73-6CC2-4C96-B447-3D0CCEBA4AF5}.Release|Any CPU.ActiveCfg = Release|Any CPU
		{3AF1BF73-6CC2-4C96-B447-3D0CCEBA4AF5}.Release|Any CPU.Build.0 = Release|Any CPU
		{3AF1BF73-6CC2-4C96-B447-3D0CCEBA4AF5}.Release|x64.ActiveCfg = Release|Any CPU
		{3AF1BF73-6CC2-4C96-B447-3D0CCEBA4AF5}.Release|x64.Build.0 = Release|Any CPU
		{3AF1BF73-6CC2-4C96-B447-3D0CCEBA4AF5}.Release|x86.ActiveCfg = Release|Any CPU
		{3AF1BF73-6CC2-4C96-B447-3D0CCEBA4AF5}.Release|x86.Build.0 = Release|Any CPU
		{856FC155-0FD3-4ED3-ABB2-1B4405CFABD8}.Debug|Any CPU.ActiveCfg = Debug|Any CPU
		{856FC155-0FD3-4ED3-ABB2-1B4405CFABD8}.Debug|Any CPU.Build.0 = Debug|Any CPU
		{856FC155-0FD3-4ED3-ABB2-1B4405CFABD8}.Debug|x64.ActiveCfg = Debug|Any CPU
		{856FC155-0FD3-4ED3-ABB2-1B4405CFABD8}.Debug|x64.Build.0 = Debug|Any CPU
		{856FC155-0FD3-4ED3-ABB2-1B4405CFABD8}.Debug|x86.ActiveCfg = Debug|Any CPU
		{856FC155-0FD3-4ED3-ABB2-1B4405CFABD8}.Debug|x86.Build.0 = Debug|Any CPU
		{856FC155-0FD3-4ED3-ABB2-1B4405CFABD8}.Release|Any CPU.ActiveCfg = Release|Any CPU
		{856FC155-0FD3-4ED3-ABB2-1B4405CFABD8}.Release|Any CPU.Build.0 = Release|Any CPU
		{856FC155-0FD3-4ED3-ABB2-1B4405CFABD8}.Release|x64.ActiveCfg = Release|Any CPU
		{856FC155-0FD3-4ED3-ABB2-1B4405CFABD8}.Release|x64.Build.0 = Release|Any CPU
		{856FC155-0FD3-4ED3-ABB2-1B4405CFABD8}.Release|x86.ActiveCfg = Release|Any CPU
		{856FC155-0FD3-4ED3-ABB2-1B4405CFABD8}.Release|x86.Build.0 = Release|Any CPU
	EndGlobalSection
	GlobalSection(SolutionProperties) = preSolution
		HideSolutionNode = FALSE
	EndGlobalSection
	GlobalSection(NestedProjects) = preSolution
		{209B1414-7EB2-4849-8538-13C88A7DEBD2} = {827E0CD3-B72D-47B6-A68D-7590B98EB39B}
		{DF64D480-F48B-4F88-BB51-56F45E36D713} = {827E0CD3-B72D-47B6-A68D-7590B98EB39B}
		{C4E0868E-1719-43B8-A67E-71463D998196} = {827E0CD3-B72D-47B6-A68D-7590B98EB39B}
		{7D03AC82-DE03-4991-B790-2A26159261DC} = {827E0CD3-B72D-47B6-A68D-7590B98EB39B}
		{3AF1BF73-6CC2-4C96-B447-3D0CCEBA4AF5} = {827E0CD3-B72D-47B6-A68D-7590B98EB39B}
		{856FC155-0FD3-4ED3-ABB2-1B4405CFABD8} = {0AB3BF05-4346-4AA6-1389-037BE0695223}
	EndGlobalSection
EndGlobal
